
Microsoft Visual Studio Solution File, Format Version 12.00
# Visual Studio Version 17
VisualStudioVersion = 17.3.32825.248
MinimumVisualStudioVersion = 10.0.40219.1
Project("{FAE04EC0-301F-11D3-BF4B-00C04F79EFBC}") = "P01ZadanieKlasy", "P01ZadanieKlasy\P01ZadanieKlasy.csproj", "{2E820BB1-7F55-4217-B112-C20D06BA47F5}"
EndProject
Project("{FAE04EC0-301F-11D3-BF4B-00C04F79EFBC}") = "P02MetodyWKlasach", "P02MetodyWKlasach\P02MetodyWKlasach.csproj", "{086F1E97-3421-45D3-BE7A-23D22EAF0D14}"
EndProject
Project("{FAE04EC0-301F-11D3-BF4B-00C04F79EFBC}") = "P03ObslugaBledow", "P03ObslugaBledow\P03ObslugaBledow.csproj", "{F2735313-04C7-45A0-BF79-77715767A74F}"
EndProject
Project("{FAE04EC0-301F-11D3-BF4B-00C04F79EFBC}") = "P04ZadanieManagerTekstu", "P04ZadanieManagerTekstu\P04ZadanieManagerTekstu.csproj", "{D6662E9D-518A-4424-8360-1626EEBFF5AB}"
EndProject
Project("{FAE04EC0-301F-11D3-BF4B-00C04F79EFBC}") = "P05Wlasciwosci", "P50Wlasciwosci\P05Wlasciwosci.csproj", "{61300FB8-E89D-46B9-8AB4-4723BED04AD7}"
EndProject
Project("{FAE04EC0-301F-11D3-BF4B-00C04F79EFBC}") = "P06ZadaniePogoda", "P06ZadaniePogoda\P06ZadaniePogoda.csproj", "{1F794D03-6DC9-443B-8AD5-EC52266FD97C}"
EndProject
Project("{FAE04EC0-301F-11D3-BF4B-00C04F79EFBC}") = "P07Konstruktory", "P07Konstruktory\P07Konstruktory.csproj", "{24E9B948-C202-4AB4-A17F-08EFF1E56659}"
EndProject
Project("{FAE04EC0-301F-11D3-BF4B-00C04F79EFBC}") = "P08KonstruktoryPogoda", "P08KonstruktoryPogoda\P08KonstruktoryPogoda.csproj", "{249C7948-0D23-417D-BED1-3245CA0FA78D}"
EndProject
Project("{FAE04EC0-301F-11D3-BF4B-00C04F79EFBC}") = "P09Enumeratory", "P09Enumeratory\P09Enumeratory.csproj", "{AC8F9F5A-ADE2-447D-9D94-E327CDFC8C7F}"
EndProject
Global
	GlobalSection(SolutionConfigurationPlatforms) = preSolution
		Debug|Any CPU = Debug|Any CPU
		Release|Any CPU = Release|Any CPU
	EndGlobalSection
	GlobalSection(ProjectConfigurationPlatforms) = postSolution
		{2E820BB1-7F55-4217-B112-C20D06BA47F5}.Debug|Any CPU.ActiveCfg = Debug|Any CPU
		{2E820BB1-7F55-4217-B112-C20D06BA47F5}.Debug|Any CPU.Build.0 = Debug|Any CPU
		{2E820BB1-7F55-4217-B112-C20D06BA47F5}.Release|Any CPU.ActiveCfg = Release|Any CPU
		{2E820BB1-7F55-4217-B112-C20D06BA47F5}.Release|Any CPU.Build.0 = Release|Any CPU
		{086F1E97-3421-45D3-BE7A-23D22EAF0D14}.Debug|Any CPU.ActiveCfg = Debug|Any CPU
		{086F1E97-3421-45D3-BE7A-23D22EAF0D14}.Debug|Any CPU.Build.0 = Debug|Any CPU
		{086F1E97-3421-45D3-BE7A-23D22EAF0D14}.Release|Any CPU.ActiveCfg = Release|Any CPU
		{086F1E97-3421-45D3-BE7A-23D22EAF0D14}.Release|Any CPU.Build.0 = Release|Any CPU
		{F2735313-04C7-45A0-BF79-77715767A74F}.Debug|Any CPU.ActiveCfg = Debug|Any CPU
		{F2735313-04C7-45A0-BF79-77715767A74F}.Debug|Any CPU.Build.0 = Debug|Any CPU
		{F2735313-04C7-45A0-BF79-77715767A74F}.Release|Any CPU.ActiveCfg = Release|Any CPU
		{F2735313-04C7-45A0-BF79-77715767A74F}.Release|Any CPU.Build.0 = Release|Any CPU
		{D6662E9D-518A-4424-8360-1626EEBFF5AB}.Debug|Any CPU.ActiveCfg = Debug|Any CPU
		{D6662E9D-518A-4424-8360-1626EEBFF5AB}.Debug|Any CPU.Build.0 = Debug|Any CPU
		{D6662E9D-518A-4424-8360-1626EEBFF5AB}.Release|Any CPU.ActiveCfg = Release|Any CPU
		{D6662E9D-518A-4424-8360-1626EEBFF5AB}.Release|Any CPU.Build.0 = Release|Any CPU
		{61300FB8-E89D-46B9-8AB4-4723BED04AD7}.Debug|Any CPU.ActiveCfg = Debug|Any CPU
		{61300FB8-E89D-46B9-8AB4-4723BED04AD7}.Debug|Any CPU.Build.0 = Debug|Any CPU
		{61300FB8-E89D-46B9-8AB4-4723BED04AD7}.Release|Any CPU.ActiveCfg = Release|Any CPU
		{61300FB8-E89D-46B9-8AB4-4723BED04AD7}.Release|Any CPU.Build.0 = Release|Any CPU
		{1F794D03-6DC9-443B-8AD5-EC52266FD97C}.Debug|Any CPU.ActiveCfg = Debug|Any CPU
		{1F794D03-6DC9-443B-8AD5-EC52266FD97C}.Debug|Any CPU.Build.0 = Debug|Any CPU
		{1F794D03-6DC9-443B-8AD5-EC52266FD97C}.Release|Any CPU.ActiveCfg = Release|Any CPU
		{1F794D03-6DC9-443B-8AD5-EC52266FD97C}.Release|Any CPU.Build.0 = Release|Any CPU
		{24E9B948-C202-4AB4-A17F-08EFF1E56659}.Debug|Any CPU.ActiveCfg = Debug|Any CPU
		{24E9B948-C202-4AB4-A17F-08EFF1E56659}.Debug|Any CPU.Build.0 = Debug|Any CPU
		{24E9B948-C202-4AB4-A17F-08EFF1E56659}.Release|Any CPU.ActiveCfg = Release|Any CPU
		{24E9B948-C202-4AB4-A17F-08EFF1E56659}.Release|Any CPU.Build.0 = Release|Any CPU
		{249C7948-0D23-417D-BED1-3245CA0FA78D}.Debug|Any CPU.ActiveCfg = Debug|Any CPU
		{249C7948-0D23-417D-BED1-3245CA0FA78D}.Debug|Any CPU.Build.0 = Debug|Any CPU
		{249C7948-0D23-417D-BED1-3245CA0FA78D}.Release|Any CPU.ActiveCfg = Release|Any CPU
		{249C7948-0D23-417D-BED1-3245CA0FA78D}.Release|Any CPU.Build.0 = Release|Any CPU
		{AC8F9F5A-ADE2-447D-9D94-E327CDFC8C7F}.Debug|Any CPU.ActiveCfg = Debug|Any CPU
		{AC8F9F5A-ADE2-447D-9D94-E327CDFC8C7F}.Debug|Any CPU.Build.0 = Debug|Any CPU
		{AC8F9F5A-ADE2-447D-9D94-E327CDFC8C7F}.Release|Any CPU.ActiveCfg = Release|Any CPU
		{AC8F9F5A-ADE2-447D-9D94-E327CDFC8C7F}.Release|Any CPU.Build.0 = Release|Any CPU
	EndGlobalSection
	GlobalSection(SolutionProperties) = preSolution
		HideSolutionNode = FALSE
	EndGlobalSection
	GlobalSection(ExtensibilityGlobals) = postSolution
		SolutionGuid = {80FDC461-639D-4555-8BB7-67CB31242629}
	EndGlobalSection
EndGlobal
